{
  "version": 4,
  "terraform_version": "1.3.3",
  "serial": 140,
  "lineage": "c3ea3e43-dc8a-5be6-e6f6-b9c601afb863",
  "outputs": {},
  "resources": [
    {
      "module": "module.rg_test",
      "mode": "managed",
      "type": "azurerm_resource_group",
      "name": "test_grp",
      "provider": "provider[\"registry.terraform.io/hashicorp/azurerm\"]",
      "instances": [
        {
          "schema_version": 0,
          "attributes": {
            "id": "/subscriptions/1c056fd5-1681-4142-a420-cf53540501b9/resourceGroups/zho_testRG",
            "location": "westus",
            "name": "zho_testRG",
            "tags": null,
            "timeouts": null
          },
          "sensitive_attributes": [],
          "private": "eyJlMmJmYjczMC1lY2FhLTExZTYtOGY4OC0zNDM2M2JjN2M0YzAiOnsiY3JlYXRlIjo1NDAwMDAwMDAwMDAwLCJkZWxldGUiOjU0MDAwMDAwMDAwMDAsInJlYWQiOjMwMDAwMDAwMDAwMCwidXBkYXRlIjo1NDAwMDAwMDAwMDAwfX0="
        }
      ]
    }
  ],
  "check_results": []
}
